
Microsoft Visual Studio Solution File, Format Version 12.00
# Visual Studio Version 17
VisualStudioVersion = 17.6.33723.286
MinimumVisualStudioVersion = 10.0.40219.1
Project("{9A19103F-16F7-4668-BE54-9A1E7A4F7556}") = "SearchAPi", "SearchAPi.csproj", "{05234E37-C345-40CA-8A17-C8BEF38FF048}"
EndProject
Global
	GlobalSection(SolutionConfigurationPlatforms) = preSolution
		Debug|Any CPU = Debug|Any CPU
		Release|Any CPU = Release|Any CPU
	EndGlobalSection
	GlobalSection(ProjectConfigurationPlatforms) = postSolution
		{05234E37-C345-40CA-8A17-C8BEF38FF048}.Debug|Any CPU.ActiveCfg = Debug|Any CPU
		{05234E37-C345-40CA-8A17-C8BEF38FF048}.Debug|Any CPU.Build.0 = Debug|Any CPU
		{05234E37-C345-40CA-8A17-C8BEF38FF048}.Release|Any CPU.ActiveCfg = Release|Any CPU
		{05234E37-C345-40CA-8A17-C8BEF38FF048}.Release|Any CPU.Build.0 = Release|Any CPU
	EndGlobalSection
	GlobalSection(SolutionProperties) = preSolution
		HideSolutionNode = FALSE
	EndGlobalSection
	GlobalSection(ExtensibilityGlobals) = postSolution
		SolutionGuid = {77B5F96B-AB74-460D-9304-CF97DBAB5327}
	EndGlobalSection
EndGlobal
